
Microsoft Visual Studio Solution File, Format Version 12.00
# Visual Studio Version 16
VisualStudioVersion = 16.0.30711.63
MinimumVisualStudioVersion = 10.0.40219.1
Project("{8BC9CEB8-8B4A-11D0-8D11-00A0C91BC942}") = "BotFlip", "BotFlip.vcxproj", "{3400C919-BEC1-4183-AF6B-1D6FC82F8266}"
EndProject
Global
	GlobalSection(SolutionConfigurationPlatforms) = preSolution
		Debug|x64 = Debug|x64
		Debug|x86 = Debug|x86
		Release|x64 = Release|x64
		Release|x86 = Release|x86
	EndGlobalSection
	GlobalSection(ProjectConfigurationPlatforms) = postSolution
		{3400C919-BEC1-4183-AF6B-1D6FC82F8266}.Debug|x64.ActiveCfg = Debug|x64
		{3400C919-BEC1-4183-AF6B-1D6FC82F8266}.Debug|x64.Build.0 = Debug|x64
		{3400C919-BEC1-4183-AF6B-1D6FC82F8266}.Debug|x86.ActiveCfg = Debug|Win32
		{3400C919-BEC1-4183-AF6B-1D6FC82F8266}.Debug|x86.Build.0 = Debug|Win32
		{3400C919-BEC1-4183-AF6B-1D6FC82F8266}.Release|x64.ActiveCfg = Release|x64
		{3400C919-BEC1-4183-AF6B-1D6FC82F8266}.Release|x64.Build.0 = Release|x64
		{3400C919-BEC1-4183-AF6B-1D6FC82F8266}.Release|x86.ActiveCfg = Release|Win32
		{3400C919-BEC1-4183-AF6B-1D6FC82F8266}.Release|x86.Build.0 = Release|Win32
	EndGlobalSection
	GlobalSection(SolutionProperties) = preSolution
		HideSolutionNode = FALSE
	EndGlobalSection
	GlobalSection(ExtensibilityGlobals) = postSolution
		SolutionGuid = {4E8902DB-A393-40DF-8822-B13A50F192DB}
	EndGlobalSection
EndGlobal
